
Microsoft Visual Studio Solution File, Format Version 12.00
# Visual Studio Version 17
VisualStudioVersion = 17.6.33801.468
MinimumVisualStudioVersion = 10.0.40219.1
Project("{9A19103F-16F7-4668-BE54-9A1E7A4F7556}") = "Ecommerce.Domain", "Ecommerce.Domain\Ecommerce.Domain.csproj", "{B3E80106-73A4-405F-8238-6160C4235F09}"
EndProject
Project("{9A19103F-16F7-4668-BE54-9A1E7A4F7556}") = "Ecommerce.Application", "Ecommerce.Application\Ecommerce.Application.csproj", "{474F8FF1-FF82-4D84-8E2B-01318F581FBD}"
EndProject
Project("{FAE04EC0-301F-11D3-BF4B-00C04F79EFBC}") = "Ecommerce.Infrastructure", "Ecommerce.Infrastructure\Ecommerce.Infrastructure.csproj", "{1E410BE9-4566-4CE2-A177-DBAA3D070654}"
EndProject
Project("{FAE04EC0-301F-11D3-BF4B-00C04F79EFBC}") = "Ecommerce.Api", "Ecommerce.Api\Ecommerce.Api.csproj", "{7C63022A-C2FF-4990-B67D-69484F9D4F49}"
EndProject
Global
	GlobalSection(SolutionConfigurationPlatforms) = preSolution
		Debug|Any CPU = Debug|Any CPU
		Release|Any CPU = Release|Any CPU
	EndGlobalSection
	GlobalSection(ProjectConfigurationPlatforms) = postSolution
		{B3E80106-73A4-405F-8238-6160C4235F09}.Debug|Any CPU.ActiveCfg = Debug|Any CPU
		{B3E80106-73A4-405F-8238-6160C4235F09}.Debug|Any CPU.Build.0 = Debug|Any CPU
		{B3E80106-73A4-405F-8238-6160C4235F09}.Release|Any CPU.ActiveCfg = Release|Any CPU
		{B3E80106-73A4-405F-8238-6160C4235F09}.Release|Any CPU.Build.0 = Release|Any CPU
		{474F8FF1-FF82-4D84-8E2B-01318F581FBD}.Debug|Any CPU.ActiveCfg = Debug|Any CPU
		{474F8FF1-FF82-4D84-8E2B-01318F581FBD}.Debug|Any CPU.Build.0 = Debug|Any CPU
		{474F8FF1-FF82-4D84-8E2B-01318F581FBD}.Release|Any CPU.ActiveCfg = Release|Any CPU
		{474F8FF1-FF82-4D84-8E2B-01318F581FBD}.Release|Any CPU.Build.0 = Release|Any CPU
		{1E410BE9-4566-4CE2-A177-DBAA3D070654}.Debug|Any CPU.ActiveCfg = Debug|Any CPU
		{1E410BE9-4566-4CE2-A177-DBAA3D070654}.Debug|Any CPU.Build.0 = Debug|Any CPU
		{1E410BE9-4566-4CE2-A177-DBAA3D070654}.Release|Any CPU.ActiveCfg = Release|Any CPU
		{1E410BE9-4566-4CE2-A177-DBAA3D070654}.Release|Any CPU.Build.0 = Release|Any CPU
		{7C63022A-C2FF-4990-B67D-69484F9D4F49}.Debug|Any CPU.ActiveCfg = Debug|Any CPU
		{7C63022A-C2FF-4990-B67D-69484F9D4F49}.Debug|Any CPU.Build.0 = Debug|Any CPU
		{7C63022A-C2FF-4990-B67D-69484F9D4F49}.Release|Any CPU.ActiveCfg = Release|Any CPU
		{7C63022A-C2FF-4990-B67D-69484F9D4F49}.Release|Any CPU.Build.0 = Release|Any CPU
	EndGlobalSection
	GlobalSection(SolutionProperties) = preSolution
		HideSolutionNode = FALSE
	EndGlobalSection
	GlobalSection(ExtensibilityGlobals) = postSolution
		SolutionGuid = {321568F4-B048-4357-AD87-8B2967D7CB29}
	EndGlobalSection
EndGlobal
